
Microsoft Visual Studio Solution File, Format Version 12.00
# Visual Studio Version 16
VisualStudioVersion = 16.0.30611.23
MinimumVisualStudioVersion = 10.0.40219.1
Project("{FAE04EC0-301F-11D3-BF4B-00C04F79EFBC}") = "Exception_Handling_Demo", "Exception_Handling_Demo\Exception_Handling_Demo.csproj", "{BFEE42E9-F985-4852-8E08-1C9C633804AE}"
EndProject
Global
	GlobalSection(SolutionConfigurationPlatforms) = preSolution
		Debug|Any CPU = Debug|Any CPU
		Release|Any CPU = Release|Any CPU
	EndGlobalSection
	GlobalSection(ProjectConfigurationPlatforms) = postSolution
		{BFEE42E9-F985-4852-8E08-1C9C633804AE}.Debug|Any CPU.ActiveCfg = Debug|Any CPU
		{BFEE42E9-F985-4852-8E08-1C9C633804AE}.Debug|Any CPU.Build.0 = Debug|Any CPU
		{BFEE42E9-F985-4852-8E08-1C9C633804AE}.Release|Any CPU.ActiveCfg = Release|Any CPU
		{BFEE42E9-F985-4852-8E08-1C9C633804AE}.Release|Any CPU.Build.0 = Release|Any CPU
	EndGlobalSection
	GlobalSection(SolutionProperties) = preSolution
		HideSolutionNode = FALSE
	EndGlobalSection
	GlobalSection(ExtensibilityGlobals) = postSolution
		SolutionGuid = {CB4BEA2F-D94B-4F6E-9D00-1E8C08413270}
	EndGlobalSection
EndGlobal
